// !$*UTF8*$!
{
	archiveVersion = 1;
	classes = {
	};
	objectVersion = 50;
	objects = {

/* Begin PBXBuildFile section */
		85D95BDF22A6133F00CE5A02 /* main.cpp in Sources */ = {isa = PBXBuildFile; fileRef = 85D95BDA22A6133E00CE5A02 /* main.cpp */; };
		85D95BE122A6136600CE5A02 /* check.sh in CopyFiles */ = {isa = PBXBuildFile; fileRef = 85D95BDE22A6133F00CE5A02 /* check.sh */; };
		85D95BE222A6136600CE5A02 /* file1.txt in CopyFiles */ = {isa = PBXBuildFile; fileRef = 85D95BD222A6133D00CE5A02 /* file1.txt */; };
		85D95BE322A6136600CE5A02 /* file2.txt in CopyFiles */ = {isa = PBXBuildFile; fileRef = 85D95BD322A6133D00CE5A02 /* file2.txt */; };
		85D95BE422A6136600CE5A02 /* file3.txt in CopyFiles */ = {isa = PBXBuildFile; fileRef = 85D95BD422A6133D00CE5A02 /* file3.txt */; };
		85D95BE522A6136600CE5A02 /* file4.txt in CopyFiles */ = {isa = PBXBuildFile; fileRef = 85D95BD522A6133E00CE5A02 /* file4.txt */; };
		85D95BE622A6136600CE5A02 /* file5.txt in CopyFiles */ = {isa = PBXBuildFile; fileRef = 85D95BDB22A6133E00CE5A02 /* file5.txt */; };
		85D95BE722A6136600CE5A02 /* key_file1.txt in CopyFiles */ = {isa = PBXBuildFile; fileRef = 85D95BD122A6133D00CE5A02 /* key_file1.txt */; };
		85D95BE822A6136600CE5A02 /* key_file2.txt in CopyFiles */ = {isa = PBXBuildFile; fileRef = 85D95BD722A6133E00CE5A02 /* key_file2.txt */; };
		85D95BE922A6136600CE5A02 /* key_file3.txt in CopyFiles */ = {isa = PBXBuildFile; fileRef = 85D95BD922A6133E00CE5A02 /* key_file3.txt */; };
		85D95BEA22A6136600CE5A02 /* key_file4.txt in CopyFiles */ = {isa = PBXBuildFile; fileRef = 85D95BDC22A6133E00CE5A02 /* key_file4.txt */; };
		85D95BEB22A6136600CE5A02 /* key_file5.txt in CopyFiles */ = {isa = PBXBuildFile; fileRef = 85D95BD622A6133E00CE5A02 /* key_file5.txt */; };
		85D95BED22A6138300CE5A02 /* LinkedList.h in Sources */ = {isa = PBXBuildFile; fileRef = 85D95BEC22A6138300CE5A02 /* LinkedList.h */; };
/* End PBXBuildFile section */

/* Begin PBXCopyFilesBuildPhase section */
		85D95BC522A612DB00CE5A02 /* CopyFiles */ = {
			isa = PBXCopyFilesBuildPhase;
			buildActionMask = 12;
			dstPath = "";
			dstSubfolderSpec = 16;
			files = (
				85D95BE122A6136600CE5A02 /* check.sh in CopyFiles */,
				85D95BE222A6136600CE5A02 /* file1.txt in CopyFiles */,
				85D95BE322A6136600CE5A02 /* file2.txt in CopyFiles */,
				85D95BE422A6136600CE5A02 /* file3.txt in CopyFiles */,
				85D95BE522A6136600CE5A02 /* file4.txt in CopyFiles */,
				85D95BE622A6136600CE5A02 /* file5.txt in CopyFiles */,
				85D95BE722A6136600CE5A02 /* key_file1.txt in CopyFiles */,
				85D95BE822A6136600CE5A02 /* key_file2.txt in CopyFiles */,
				85D95BE922A6136600CE5A02 /* key_file3.txt in CopyFiles */,
				85D95BEA22A6136600CE5A02 /* key_file4.txt in CopyFiles */,
				85D95BEB22A6136600CE5A02 /* key_file5.txt in CopyFiles */,
			);
			runOnlyForDeploymentPostprocessing = 0;
		};
/* End PBXCopyFilesBuildPhase section */

/* Begin PBXFileReference section */
		85D95BC722A612DB00CE5A02 /* Lab6-Linked List */ = {isa = PBXFileReference; explicitFileType = "compiled.mach-o.executable"; includeInIndex = 0; path = "Lab6-Linked List"; sourceTree = BUILT_PRODUCTS_DIR; };
		85D95BD122A6133D00CE5A02 /* key_file1.txt */ = {isa = PBXFileReference; fileEncoding = 4; lastKnownFileType = text; path = key_file1.txt; sourceTree = "<group>"; };
		85D95BD222A6133D00CE5A02 /* file1.txt */ = {isa = PBXFileReference; fileEncoding = 4; lastKnownFileType = text; path = file1.txt; sourceTree = "<group>"; };
		85D95BD322A6133D00CE5A02 /* file2.txt */ = {isa = PBXFileReference; fileEncoding = 4; lastKnownFileType = text; path = file2.txt; sourceTree = "<group>"; };
		85D95BD422A6133D00CE5A02 /* file3.txt */ = {isa = PBXFileReference; fileEncoding = 4; lastKnownFileType = text; path = file3.txt; sourceTree = "<group>"; };
		85D95BD522A6133E00CE5A02 /* file4.txt */ = {isa = PBXFileReference; fileEncoding = 4; lastKnownFileType = text; path = file4.txt; sourceTree = "<group>"; };
		85D95BD622A6133E00CE5A02 /* key_file5.txt */ = {isa = PBXFileReference; fileEncoding = 4; lastKnownFileType = text; path = key_file5.txt; sourceTree = "<group>"; };
		85D95BD722A6133E00CE5A02 /* key_file2.txt */ = {isa = PBXFileReference; fileEncoding = 4; lastKnownFileType = text; path = key_file2.txt; sourceTree = "<group>"; };
		85D95BD822A6133E00CE5A02 /* README.md */ = {isa = PBXFileReference; fileEncoding = 4; lastKnownFileType = net.daringfireball.markdown; path = README.md; sourceTree = "<group>"; };
		85D95BD922A6133E00CE5A02 /* key_file3.txt */ = {isa = PBXFileReference; fileEncoding = 4; lastKnownFileType = text; path = key_file3.txt; sourceTree = "<group>"; };
		85D95BDA22A6133E00CE5A02 /* main.cpp */ = {isa = PBXFileReference; fileEncoding = 4; lastKnownFileType = sourcecode.cpp.cpp; path = main.cpp; sourceTree = "<group>"; };
		85D95BDB22A6133E00CE5A02 /* file5.txt */ = {isa = PBXFileReference; fileEncoding = 4; lastKnownFileType = text; path = file5.txt; sourceTree = "<group>"; };
		85D95BDC22A6133E00CE5A02 /* key_file4.txt */ = {isa = PBXFileReference; fileEncoding = 4; lastKnownFileType = text; path = key_file4.txt; sourceTree = "<group>"; };
		85D95BDD22A6133F00CE5A02 /* LinkedListInterface.h */ = {isa = PBXFileReference; fileEncoding = 4; lastKnownFileType = sourcecode.c.h; path = LinkedListInterface.h; sourceTree = "<group>"; };
		85D95BDE22A6133F00CE5A02 /* check.sh */ = {isa = PBXFileReference; fileEncoding = 4; lastKnownFileType = text.script.sh; path = check.sh; sourceTree = "<group>"; };
		85D95BEC22A6138300CE5A02 /* LinkedList.h */ = {isa = PBXFileReference; lastKnownFileType = sourcecode.c.h; path = LinkedList.h; sourceTree = "<group>"; };
/* End PBXFileReference section */

/* Begin PBXFrameworksBuildPhase section */
		85D95BC422A612DB00CE5A02 /* Frameworks */ = {
			isa = PBXFrameworksBuildPhase;
			buildActionMask = 2147483647;
			files = (
			);
			runOnlyForDeploymentPostprocessing = 0;
		};
/* End PBXFrameworksBuildPhase section */

/* Begin PBXGroup section */
		85D95BBE22A612DB00CE5A02 = {
			isa = PBXGroup;
			children = (
				85D95BC922A612DB00CE5A02 /* Lab6-Linked List */,
				85D95BC822A612DB00CE5A02 /* Products */,
			);
			sourceTree = "<group>";
		};
		85D95BC822A612DB00CE5A02 /* Products */ = {
			isa = PBXGroup;
			children = (
				85D95BC722A612DB00CE5A02 /* Lab6-Linked List */,
			);
			name = Products;
			sourceTree = "<group>";
		};
		85D95BC922A612DB00CE5A02 /* Lab6-Linked List */ = {
			isa = PBXGroup;
			children = (
				85D95BE022A6134E00CE5A02 /* External */,
				85D95BDD22A6133F00CE5A02 /* LinkedListInterface.h */,
				85D95BEC22A6138300CE5A02 /* LinkedList.h */,
				85D95BDA22A6133E00CE5A02 /* main.cpp */,
				85D95BD822A6133E00CE5A02 /* README.md */,
			);
			path = "Lab6-Linked List";
			sourceTree = "<group>";
		};
		85D95BE022A6134E00CE5A02 /* External */ = {
			isa = PBXGroup;
			children = (
				85D95BDE22A6133F00CE5A02 /* check.sh */,
				85D95BD222A6133D00CE5A02 /* file1.txt */,
				85D95BD322A6133D00CE5A02 /* file2.txt */,
				85D95BD422A6133D00CE5A02 /* file3.txt */,
				85D95BD522A6133E00CE5A02 /* file4.txt */,
				85D95BDB22A6133E00CE5A02 /* file5.txt */,
				85D95BD122A6133D00CE5A02 /* key_file1.txt */,
				85D95BD722A6133E00CE5A02 /* key_file2.txt */,
				85D95BD922A6133E00CE5A02 /* key_file3.txt */,
				85D95BDC22A6133E00CE5A02 /* key_file4.txt */,
				85D95BD622A6133E00CE5A02 /* key_file5.txt */,
			);
			name = External;
			sourceTree = "<group>";
		};
/* End PBXGroup section */

/* Begin PBXNativeTarget section */
		85D95BC622A612DB00CE5A02 /* Lab6-Linked List */ = {
			isa = PBXNativeTarget;
			buildConfigurationList = 85D95BCE22A612DB00CE5A02 /* Build configuration list for PBXNativeTarget "Lab6-Linked List" */;
			buildPhases = (
				85D95BC322A612DB00CE5A02 /* Sources */,
				85D95BC422A612DB00CE5A02 /* Frameworks */,
				85D95BC522A612DB00CE5A02 /* CopyFiles */,
			);
			buildRules = (
			);
			dependencies = (
			);
			name = "Lab6-Linked List";
			productName = "Lab6-Linked List";
			productReference = 85D95BC722A612DB00CE5A02 /* Lab6-Linked List */;
			productType = "com.apple.product-type.tool";
		};
/* End PBXNativeTarget section */

/* Begin PBXProject section */
		85D95BBF22A612DB00CE5A02 /* Project object */ = {
			isa = PBXProject;
			attributes = {
				LastUpgradeCheck = 1020;
				ORGANIZATIONNAME = "James Robinson";
				TargetAttributes = {
					85D95BC622A612DB00CE5A02 = {
						CreatedOnToolsVersion = 10.2.1;
					};
				};
			};
			buildConfigurationList = 85D95BC222A612DB00CE5A02 /* Build configuration list for PBXProject "Lab6-Linked List" */;
			compatibilityVersion = "Xcode 9.3";
			developmentRegion = en;
			hasScannedForEncodings = 0;
			knownRegions = (
				en,
			);
			mainGroup = 85D95BBE22A612DB00CE5A02;
			productRefGroup = 85D95BC822A612DB00CE5A02 /* Products */;
			projectDirPath = "";
			projectRoot = "";
			targets = (
				85D95BC622A612DB00CE5A02 /* Lab6-Linked List */,
			);
		};
/* End PBXProject section */

/* Begin PBXSourcesBuildPhase section */
		85D95BC322A612DB00CE5A02 /* Sources */ = {
			isa = PBXSourcesBuildPhase;
			buildActionMask = 2147483647;
			files = (
				85D95BED22A6138300CE5A02 /* LinkedList.h in Sources */,
				85D95BDF22A6133F00CE5A02 /* main.cpp in Sources */,
			);
			runOnlyForDeploymentPostprocessing = 0;
		};
/* End PBXSourcesBuildPhase section */

/* Begin XCBuildConfiguration section */
		85D95BCC22A612DB00CE5A02 /* Debug */ = {
			isa = XCBuildConfiguration;
			buildSettings = {
				ALWAYS_SEARCH_USER_PATHS = NO;
				CLANG_ANALYZER_NONNULL = YES;
				CLANG_ANALYZER_NUMBER_OBJECT_CONVERSION = YES_AGGRESSIVE;
				CLANG_CXX_LANGUAGE_STANDARD = "gnu++14";
				CLANG_CXX_LIBRARY = "libc++";
				CLANG_ENABLE_MODULES = YES;
				CLANG_ENABLE_OBJC_ARC = YES;
				CLANG_ENABLE_OBJC_WEAK = YES;
				CLANG_WARN_BLOCK_CAPTURE_AUTORELEASING = YES;
				CLANG_WARN_BOOL_CONVERSION = YES;
				CLANG_WARN_COMMA = YES;
				CLANG_WARN_CONSTANT_CONVERSION = YES;
				CLANG_WARN_DEPRECATED_OBJC_IMPLEMENTATIONS = YES;
				CLANG_WARN_DIRECT_OBJC_ISA_USAGE = YES_ERROR;
				CLANG_WARN_DOCUMENTATION_COMMENTS = YES;
				CLANG_WARN_EMPTY_BODY = YES;
				CLANG_WARN_ENUM_CONVERSION = YES;
				CLANG_WARN_INFINITE_RECURSION = YES;
				CLANG_WARN_INT_CONVERSION = YES;
				CLANG_WARN_NON_LITERAL_NULL_CONVERSION = YES;
				CLANG_WARN_OBJC_IMPLICIT_RETAIN_SELF = YES;
				CLANG_WARN_OBJC_LITERAL_CONVERSION = YES;
				CLANG_WARN_OBJC_ROOT_CLASS = YES_ERROR;
				CLANG_WARN_RANGE_LOOP_ANALYSIS = YES;
				CLANG_WARN_STRICT_PROTOTYPES = YES;
				CLANG_WARN_SUSPICIOUS_MOVE = YES;
				CLANG_WARN_UNGUARDED_AVAILABILITY = YES_AGGRESSIVE;
				CLANG_WARN_UNREACHABLE_CODE = YES;
				CLANG_WARN__DUPLICATE_METHOD_MATCH = YES;
				CODE_SIGN_IDENTITY = "-";
				COPY_PHASE_STRIP = NO;
				DEBUG_INFORMATION_FORMAT = dwarf;
				ENABLE_STRICT_OBJC_MSGSEND = YES;
				ENABLE_TESTABILITY = YES;
				GCC_C_LANGUAGE_STANDARD = gnu11;
				GCC_DYNAMIC_NO_PIC = NO;
				GCC_NO_COMMON_BLOCKS = YES;
				GCC_OPTIMIZATION_LEVEL = 0;
				GCC_PREPROCESSOR_DEFINITIONS = (
					"DEBUG=1",
					"$(inherited)",
				);
				GCC_WARN_64_TO_32_BIT_CONVERSION = YES;
				GCC_WARN_ABOUT_RETURN_TYPE = YES_ERROR;
				GCC_WARN_UNDECLARED_SELECTOR = YES;
				GCC_WARN_UNINITIALIZED_AUTOS = YES_AGGRESSIVE;
				GCC_WARN_UNUSED_FUNCTION = YES;
				GCC_WARN_UNUSED_VARIABLE = YES;
				MACOSX_DEPLOYMENT_TARGET = 10.14;
				MTL_ENABLE_DEBUG_INFO = INCLUDE_SOURCE;
				MTL_FAST_MATH = YES;
				ONLY_ACTIVE_ARCH = YES;
				SDKROOT = macosx;
			};
			name = Debug;
		};
		85D95BCD22A612DB00CE5A02 /* Release */ = {
			isa = XCBuildConfiguration;
			buildSettings = {
				ALWAYS_SEARCH_USER_PATHS = NO;
				CLANG_ANALYZER_NONNULL = YES;
				CLANG_ANALYZER_NUMBER_OBJECT_CONVERSION = YES_AGGRESSIVE;
				CLANG_CXX_LANGUAGE_STANDARD = "gnu++14";
				CLANG_CXX_LIBRARY = "libc++";
				CLANG_ENABLE_MODULES = YES;
				CLANG_ENABLE_OBJC_ARC = YES;
				CLANG_ENABLE_OBJC_WEAK = YES;
				CLANG_WARN_BLOCK_CAPTURE_AUTORELEASING = YES;
				CLANG_WARN_BOOL_CONVERSION = YES;
				CLANG_WARN_COMMA = YES;
				CLANG_WARN_CONSTANT_CONVERSION = YES;
				CLANG_WARN_DEPRECATED_OBJC_IMPLEMENTATIONS = YES;
				CLANG_WARN_DIRECT_OBJC_ISA_USAGE = YES_ERROR;
				CLANG_WARN_DOCUMENTATION_COMMENTS = YES;
				CLANG_WARN_EMPTY_BODY = YES;
				CLANG_WARN_ENUM_CONVERSION = YES;
				CLANG_WARN_INFINITE_RECURSION = YES;
				CLANG_WARN_INT_CONVERSION = YES;
				CLANG_WARN_NON_LITERAL_NULL_CONVERSION = YES;
				CLANG_WARN_OBJC_IMPLICIT_RETAIN_SELF = YES;
				CLANG_WARN_OBJC_LITERAL_CONVERSION = YES;
				CLANG_WARN_OBJC_ROOT_CLASS = YES_ERROR;
				CLANG_WARN_RANGE_LOOP_ANALYSIS = YES;
				CLANG_WARN_STRICT_PROTOTYPES = YES;
				CLANG_WARN_SUSPICIOUS_MOVE = YES;
				CLANG_WARN_UNGUARDED_AVAILABILITY = YES_AGGRESSIVE;
				CLANG_WARN_UNREACHABLE_CODE = YES;
				CLANG_WARN__DUPLICATE_METHOD_MATCH = YES;
				CODE_SIGN_IDENTITY = "-";
				COPY_PHASE_STRIP = NO;
				DEBUG_INFORMATION_FORMAT = "dwarf-with-dsym";
				ENABLE_NS_ASSERTIONS = NO;
				ENABLE_STRICT_OBJC_MSGSEND = YES;
				GCC_C_LANGUAGE_STANDARD = gnu11;
				GCC_NO_COMMON_BLOCKS = YES;
				GCC_WARN_64_TO_32_BIT_CONVERSION = YES;
				GCC_WARN_ABOUT_RETURN_TYPE = YES_ERROR;
				GCC_WARN_UNDECLARED_SELECTOR = YES;
				GCC_WARN_UNINITIALIZED_AUTOS = YES_AGGRESSIVE;
				GCC_WARN_UNUSED_FUNCTION = YES;
				GCC_WARN_UNUSED_VARIABLE = YES;
				MACOSX_DEPLOYMENT_TARGET = 10.14;
				MTL_ENABLE_DEBUG_INFO = NO;
				MTL_FAST_MATH = YES;
				SDKROOT = macosx;
			};
			name = Release;
		};
		85D95BCF22A612DB00CE5A02 /* Debug */ = {
			isa = XCBuildConfiguration;
			buildSettings = {
				CODE_SIGN_STYLE = Automatic;
				PRODUCT_NAME = "$(TARGET_NAME)";
			};
			name = Debug;
		};
		85D95BD022A612DB00CE5A02 /* Release */ = {
			isa = XCBuildConfiguration;
			buildSettings = {
				CODE_SIGN_STYLE = Automatic;
				PRODUCT_NAME = "$(TARGET_NAME)";
			};
			name = Release;
		};
/* End XCBuildConfiguration section */

/* Begin XCConfigurationList section */
		85D95BC222A612DB00CE5A02 /* Build configuration list for PBXProject "Lab6-Linked List" */ = {
			isa = XCConfigurationList;
			buildConfigurations = (
				85D95BCC22A612DB00CE5A02 /* Debug */,
				85D95BCD22A612DB00CE5A02 /* Release */,
			);
			defaultConfigurationIsVisible = 0;
			defaultConfigurationName = Release;
		};
		85D95BCE22A612DB00CE5A02 /* Build configuration list for PBXNativeTarget "Lab6-Linked List" */ = {
			isa = XCConfigurationList;
			buildConfigurations = (
				85D95BCF22A612DB00CE5A02 /* Debug */,
				85D95BD022A612DB00CE5A02 /* Release */,
			);
			defaultConfigurationIsVisible = 0;
			defaultConfigurationName = Release;
		};
/* End XCConfigurationList section */
	};
	rootObject = 85D95BBF22A612DB00CE5A02 /* Project object */;
}
